
Microsoft Visual Studio Solution File, Format Version 12.00
# Visual Studio Version 17
VisualStudioVersion = 17.10.35122.118
MinimumVisualStudioVersion = 10.0.40219.1
Project("{FAE04EC0-301F-11D3-BF4B-00C04F79EFBC}") = "Calculator", "Calculator\Calculator.csproj", "{715A65CB-5871-4BEA-9291-D3583C789CB2}"
EndProject
Global
	GlobalSection(SolutionConfigurationPlatforms) = preSolution
		Debug|Any CPU = Debug|Any CPU
		Release|Any CPU = Release|Any CPU
	EndGlobalSection
	GlobalSection(ProjectConfigurationPlatforms) = postSolution
		{715A65CB-5871-4BEA-9291-D3583C789CB2}.Debug|Any CPU.ActiveCfg = Debug|Any CPU
		{715A65CB-5871-4BEA-9291-D3583C789CB2}.Debug|Any CPU.Build.0 = Debug|Any CPU
		{715A65CB-5871-4BEA-9291-D3583C789CB2}.Release|Any CPU.ActiveCfg = Release|Any CPU
		{715A65CB-5871-4BEA-9291-D3583C789CB2}.Release|Any CPU.Build.0 = Release|Any CPU
	EndGlobalSection
	GlobalSection(SolutionProperties) = preSolution
		HideSolutionNode = FALSE
	EndGlobalSection
	GlobalSection(ExtensibilityGlobals) = postSolution
		SolutionGuid = {7C1960DC-6EB6-4AE1-8D87-A4C2653B1ED6}
	EndGlobalSection
EndGlobal
